{
  "name": "DataDash",
  "version": "1.0.0",
  "lockfileVersion": 1,
  "requires": true,
  "dependencies": {
    "@aws-cdk/cdk": {
      "version": "0.29.0",
      "resolved": "https://registry.npmjs.org/@aws-cdk/cdk/-/cdk-0.29.0.tgz",
      "integrity": "sha512-2ZSkim4UqrczcxQcUKyLiwwLLufTrbJjlB1B3xlVq9iha//Cwgcp6yaJr5DVyqHkfyDknQy/CotC9HBZrSSLCQ==",
      "requires": {
        "@aws-cdk/cx-api": "^0.29.0"
      }
    },
    "@aws-cdk/cx-api": {
      "version": "0.29.0",
      "resolved": "https://registry.npmjs.org/@aws-cdk/cx-api/-/cx-api-0.29.0.tgz",
      "integrity": "sha512-SnktMmv4flwsGSJmfDJzqD23K/U/UzCCrJkShZX7Etqdm0SiI1aS5PlkDq4iHEy42bIRlyIOhqavKCkTMWt9fg=="
    }
  }
}
